{
	"name": "@havenchyk/usage",
	"version": "1.0.0",
	"lockfileVersion": 1,
	"requires": true,
	"dependencies": {
		"alpha": {
			"version": "1.0.0",
			"resolved": "https://registry.npmjs.org/alpha/-/alpha-1.0.0.tgz",
			"integrity": "sha512-3GTbNRAuJcMB4ZWcQAoiysOxHigmwD/BrLsM9kvTqEd0craW4UXUcblxYlmHbfbEBELN+WwCxO1UnwgGDzGBZQ=="
		},
		"beta": {
			"version": "0.0.1",
			"resolved": "https://registry.npmjs.org/beta/-/beta-0.0.1.tgz",
			"integrity": "sha1-lU0iaa0SQvxbKfDu2ER19icHU2o="
		}
	}
}
